
Microsoft Visual Studio Solution File, Format Version 12.00
# Visual Studio Version 16
VisualStudioVersion = 16.0.29613.14
MinimumVisualStudioVersion = 10.0.40219.1
Project("{FAE04EC0-301F-11D3-BF4B-00C04F79EFBC}") = "WebApp", "WebApp\WebApp.csproj", "{96BE5826-1CBB-49F4-ADB4-DBF081AAF2BC}"
EndProject
Global
	GlobalSection(SolutionConfigurationPlatforms) = preSolution
		Debug|Any CPU = Debug|Any CPU
		Release|Any CPU = Release|Any CPU
	EndGlobalSection
	GlobalSection(ProjectConfigurationPlatforms) = postSolution
		{96BE5826-1CBB-49F4-ADB4-DBF081AAF2BC}.Debug|Any CPU.ActiveCfg = Debug|Any CPU
		{96BE5826-1CBB-49F4-ADB4-DBF081AAF2BC}.Debug|Any CPU.Build.0 = Debug|Any CPU
		{96BE5826-1CBB-49F4-ADB4-DBF081AAF2BC}.Release|Any CPU.ActiveCfg = Release|Any CPU
		{96BE5826-1CBB-49F4-ADB4-DBF081AAF2BC}.Release|Any CPU.Build.0 = Release|Any CPU
	EndGlobalSection
	GlobalSection(SolutionProperties) = preSolution
		HideSolutionNode = FALSE
	EndGlobalSection
	GlobalSection(ExtensibilityGlobals) = postSolution
		SolutionGuid = {65F300DB-9636-4BFF-8A18-39B01B123C04}
	EndGlobalSection
EndGlobal
